
Microsoft Visual Studio Solution File, Format Version 12.00
# Visual Studio Version 17
VisualStudioVersion = 17.11.35312.102
MinimumVisualStudioVersion = 10.0.40219.1
Project("{FAE04EC0-301F-11D3-BF4B-00C04F79EFBC}") = "Messenger-TEB-MAUI", "Messenger-TEB-MAUI\Messenger-TEB-MAUI.csproj", "{FF1993D6-56EB-4B06-9151-705C75EB4922}"
EndProject
Global
	GlobalSection(SolutionConfigurationPlatforms) = preSolution
		Debug|Any CPU = Debug|Any CPU
		Release|Any CPU = Release|Any CPU
	EndGlobalSection
	GlobalSection(ProjectConfigurationPlatforms) = postSolution
		{FF1993D6-56EB-4B06-9151-705C75EB4922}.Debug|Any CPU.ActiveCfg = Debug|Any CPU
		{FF1993D6-56EB-4B06-9151-705C75EB4922}.Debug|Any CPU.Build.0 = Debug|Any CPU
		{FF1993D6-56EB-4B06-9151-705C75EB4922}.Debug|Any CPU.Deploy.0 = Debug|Any CPU
		{FF1993D6-56EB-4B06-9151-705C75EB4922}.Release|Any CPU.ActiveCfg = Release|Any CPU
		{FF1993D6-56EB-4B06-9151-705C75EB4922}.Release|Any CPU.Build.0 = Release|Any CPU
		{FF1993D6-56EB-4B06-9151-705C75EB4922}.Release|Any CPU.Deploy.0 = Release|Any CPU
	EndGlobalSection
	GlobalSection(SolutionProperties) = preSolution
		HideSolutionNode = FALSE
	EndGlobalSection
	GlobalSection(ExtensibilityGlobals) = postSolution
		SolutionGuid = {06C16657-2C1E-4922-98BC-43C53D092049}
	EndGlobalSection
EndGlobal
